
Microsoft Visual Studio Solution File, Format Version 12.00
# Visual Studio 15
VisualStudioVersion = 15.0.28307.168
MinimumVisualStudioVersion = 10.0.40219.1
Project("{FAE04EC0-301F-11D3-BF4B-00C04F79EFBC}") = "AsyncAwaitChallenge", "AsyncAwaitChallenge\AsyncAwaitChallenge.csproj", "{AA4F5565-EEEE-49DD-B997-E4521F66B00F}"
EndProject
Global
	GlobalSection(SolutionConfigurationPlatforms) = preSolution
		Debug|Any CPU = Debug|Any CPU
		Release|Any CPU = Release|Any CPU
	EndGlobalSection
	GlobalSection(ProjectConfigurationPlatforms) = postSolution
		{AA4F5565-EEEE-49DD-B997-E4521F66B00F}.Debug|Any CPU.ActiveCfg = Debug|Any CPU
		{AA4F5565-EEEE-49DD-B997-E4521F66B00F}.Debug|Any CPU.Build.0 = Debug|Any CPU
		{AA4F5565-EEEE-49DD-B997-E4521F66B00F}.Release|Any CPU.ActiveCfg = Release|Any CPU
		{AA4F5565-EEEE-49DD-B997-E4521F66B00F}.Release|Any CPU.Build.0 = Release|Any CPU
	EndGlobalSection
	GlobalSection(SolutionProperties) = preSolution
		HideSolutionNode = FALSE
	EndGlobalSection
	GlobalSection(ExtensibilityGlobals) = postSolution
		SolutionGuid = {12DE4534-E17B-403D-8A30-502959E0AED7}
	EndGlobalSection
EndGlobal
